
Microsoft Visual Studio Solution File, Format Version 12.00
# Visual Studio 15
Project("{FAE04EC0-301F-11D3-BF4B-00C04F79EFBC}") = "Assembly-CSharp", "Assembly-CSharp.csproj", "{5DAAA65B-5DBD-2463-173F-97164E747468}"
EndProject
Project("{FAE04EC0-301F-11D3-BF4B-00C04F79EFBC}") = "Unity.InputSystem.Recorder", "Unity.InputSystem.Recorder.csproj", "{E2AC2CDC-339D-F933-726B-D7BE6D7662C7}"
EndProject
Project("{FAE04EC0-301F-11D3-BF4B-00C04F79EFBC}") = "Unity.InputSystem.InGameHints", "Unity.InputSystem.InGameHints.csproj", "{58BA9BF1-C439-2587-0C33-952D99FC7A1A}"
EndProject
Global
	GlobalSection(SolutionConfigurationPlatforms) = preSolution
		Debug|Any CPU = Debug|Any CPU
		Release|Any CPU = Release|Any CPU
	EndGlobalSection
	GlobalSection(ProjectConfigurationPlatforms) = postSolution
		{5DAAA65B-5DBD-2463-173F-97164E747468}.Debug|Any CPU.ActiveCfg = Debug|Any CPU
		{5DAAA65B-5DBD-2463-173F-97164E747468}.Debug|Any CPU.Build.0 = Debug|Any CPU
		{5DAAA65B-5DBD-2463-173F-97164E747468}.Release|Any CPU.ActiveCfg = Release|Any CPU
		{5DAAA65B-5DBD-2463-173F-97164E747468}.Release|Any CPU.Build.0 = Release|Any CPU
		{E2AC2CDC-339D-F933-726B-D7BE6D7662C7}.Debug|Any CPU.ActiveCfg = Debug|Any CPU
		{E2AC2CDC-339D-F933-726B-D7BE6D7662C7}.Debug|Any CPU.Build.0 = Debug|Any CPU
		{E2AC2CDC-339D-F933-726B-D7BE6D7662C7}.Release|Any CPU.ActiveCfg = Release|Any CPU
		{E2AC2CDC-339D-F933-726B-D7BE6D7662C7}.Release|Any CPU.Build.0 = Release|Any CPU
		{58BA9BF1-C439-2587-0C33-952D99FC7A1A}.Debug|Any CPU.ActiveCfg = Debug|Any CPU
		{58BA9BF1-C439-2587-0C33-952D99FC7A1A}.Debug|Any CPU.Build.0 = Debug|Any CPU
		{58BA9BF1-C439-2587-0C33-952D99FC7A1A}.Release|Any CPU.ActiveCfg = Release|Any CPU
		{58BA9BF1-C439-2587-0C33-952D99FC7A1A}.Release|Any CPU.Build.0 = Release|Any CPU
	EndGlobalSection
	GlobalSection(SolutionProperties) = preSolution
		HideSolutionNode = FALSE
	EndGlobalSection
EndGlobal
